{
  "version": 1,
  "dependencies": {
    "net8.0": {
      "Clipper2": {
        "type": "Direct",
        "requested": "[2.0.0, )",
        "resolved": "2.0.0",
        "contentHash": "2X23RZxJrjRjOSZc20aqXY9jpmHLekDRy4PIMfrsi2LPNzxFYlnuqzX/nLdk77fbURHUeX+gMhUn2a1z9/wMTQ=="
      },
      "CommunityToolkit.Mvvm": {
        "type": "Direct",
        "requested": "[8.2.2, )",
        "resolved": "8.2.2",
        "contentHash": "r0g0k9tGYdrnz8R7T3x5UiokDffeevzK/2P/9SBL6fqLgN8B157MIi/bVUWI1KAz6ZorZrK9AdABCWUeXZZsvA=="
      },
      "CsTrees": {
        "type": "Direct",
        "requested": "[1.0.5, )",
        "resolved": "1.0.5",
        "contentHash": "UWMq6B7JwQ4MpOIL57UQpQHzBrWeASgsnUXgUWTyXEX3HE8VETW0OzlegcQA0Xu4eqhWxb4IlC4arVnX9MWrsA=="
      },
      "CsTrees.MEAI": {
        "type": "Direct",
        "requested": "[1.0.2, )",
        "resolved": "1.0.2",
        "contentHash": "0S1ElOm8zQrMXQVQFHaHBiVzGcOdgx40YxWv7xzCExl+biDwrH0uDfAOKw3Hp8iV4iWq6kZKWpbOpvQKxGh8WQ==",
        "dependencies": {
          "CsTrees": "1.0.5",
          "Microsoft.Extensions.AI.Abstractions": "10.7.0"
        }
      },
      "HungarianAlgorithm": {
        "type": "Direct",
        "requested": "[1.1.0, )",
        "resolved": "1.1.0",
        "contentHash": "zD6IBJFzpn3IPsG7wn5dNuPUBUiJsCeosw3bGuLLmICrGHkpxf0f7ar/HodDGAdFDMWrVR4djlX7pJtY+XeMiA=="
      },
      "Microsoft.ClearScript.V8": {
        "type": "Direct",
        "requested": "[7.4.5, )",
        "resolved": "7.4.5",
        "contentHash": "/czu8ho8xEiiLF806QP6Iwgp0aN5QE1B/MsXnIIMxiaM/KccD8AfSsM68lVuyW+boGqjF7zjoSlUKs/ERUoLOQ==",
        "dependencies": {
          "Microsoft.ClearScript.Core": "7.4.5",
          "Microsoft.ClearScript.V8.ICUData": "7.4.5",
          "Newtonsoft.Json": "13.0.1"
        }
      },
      "Microsoft.Extensions.AI": {
        "type": "Direct",
        "requested": "[10.6.0, )",
        "resolved": "10.6.0",
        "contentHash": "30EQA5M7ouoC1rhK0WARh+qm0CSvHToEV9MwkFY7tp42RAFnofirklXP0R/E9xi3pcbJtkNs0Ty2wromtUgXLw==",
        "dependencies": {
          "Microsoft.Extensions.AI.Abstractions": "10.6.0",
          "Microsoft.Extensions.Caching.Abstractions": "10.0.8",
          "Microsoft.Extensions.DependencyInjection.Abstractions": "10.0.8",
          "Microsoft.Extensions.Logging.Abstractions": "10.0.8",
          "System.Diagnostics.DiagnosticSource": "10.0.8",
          "System.Numerics.Tensors": "10.0.8",
          "System.Text.Json": "10.0.8",
          "System.Threading.Channels": "10.0.8"
        }
      },
      "Microsoft.Extensions.AI.OpenAI": {
        "type": "Direct",
        "requested": "[10.6.0, )",
        "resolved": "10.6.0",
        "contentHash": "LtqD8u5fqljZ+0Y6EsKOo+4YouNb0t+jU5J3rfOadMR1RCM5a36+2SB4tEuJpCTiqC31GeeJscyzFmIuwCZx+Q==",
        "dependencies": {
          "Microsoft.Extensions.AI.Abstractions": "10.6.0",
          "OpenAI": "2.10.0",
          "System.Text.Json": "10.0.8"
        }
      },
      "Microsoft.Extensions.Localization": {
        "type": "Direct",
        "requested": "[9.0.4, )",
        "resolved": "9.0.4",
        "contentHash": "8a6c86HvN06jWmEsj1m3gKT3N4YyxRW6vjWS9TDg0kGpWUzINnQUOA0aSCcSl7+++P0VZKGbqMgpWkirVRA0Kw==",
        "dependencies": {
          "Microsoft.Extensions.DependencyInjection.Abstractions": "9.0.4",
          "Microsoft.Extensions.Localization.Abstractions": "9.0.4",
          "Microsoft.Extensions.Logging.Abstractions": "9.0.4",
          "Microsoft.Extensions.Options": "9.0.4"
        }
      },
      "Microsoft.Extensions.Logging.Abstractions": {
        "type": "Direct",
        "requested": "[10.0.8, )",
        "resolved": "10.0.8",
        "contentHash": "fdVadZmsC8jRP0KvKy8mO8f6GV/HyBvElfcSxEhd+5FM5boAw/01iSaCto5G3G37ApJira4A3pNaVvBv8cUiLQ==",
        "dependencies": {
          "Microsoft.Extensions.DependencyInjection.Abstractions": "10.0.8",
          "System.Diagnostics.DiagnosticSource": "10.0.8"
        }
      },
      "Microsoft.ML.OnnxRuntime": {
        "type": "Direct",
        "requested": "[1.21.0, )",
        "resolved": "1.21.0",
        "contentHash": "1IN5rz0W7SFiVKblydIcCh0TVXDVbgTHdFGchjrH+vEtneRED7PL8RDcQOXE4FO3y10vvjg03LNubFTX74FCpA==",
        "dependencies": {
          "Microsoft.ML.OnnxRuntime.Managed": "1.21.0"
        }
      },
      "NCalc": {
        "type": "Direct",
        "requested": "[6.2.0, )",
        "resolved": "6.2.0",
        "contentHash": "GnailVpT2EcR1oCQzjJICV+YKQYzyS0JQpw8QCToHWiojLonNBAHXa4ndjWYbKAyV3pU6z/+QWQqhbWqSiHkTg==",
        "dependencies": {
          "NCalc.Core": "6.2.0"
        }
      },
      "Newtonsoft.Json": {
        "type": "Direct",
        "requested": "[13.0.3, )",
        "resolved": "13.0.3",
        "contentHash": "HrC5BXdl00IP9zeV+0Z848QWPAoCr9P3bDEZguI+gkLcBKAOxix/tLEAAHC+UvDNPv4a2d18lOReHMOagPa+zQ=="
      },
      "OpenCvSharp4": {
        "type": "Direct",
        "requested": "[4.13.0.20260627, )",
        "resolved": "4.13.0.20260627",
        "contentHash": "nYk95jkyYY9f0sF5KqZ3OB1SWkmqsfV7eN0ROiQds/rxpSn0v1G0QIedMbwuqbdPhvQnOIG2DDmpkLnHEJMh8Q==",
        "dependencies": {
          "System.Memory": "4.6.3"
        }
      },
      "Semver": {
        "type": "Direct",
        "requested": "[3.0.0, )",
        "resolved": "3.0.0",
        "contentHash": "9jZCicsVgTebqkAujRWtC9J1A5EQVlu0TVKHcgoCuv345ve5DYf4D1MjhKEnQjdRZo6x/vdv6QQrYFs7ilGzLA==",
        "dependencies": {
          "Microsoft.Extensions.Primitives": "5.0.1"
        }
      },
      "SixLabors.ImageSharp": {
        "type": "Direct",
        "requested": "[3.1.12, )",
        "resolved": "3.1.12",
        "contentHash": "iAg6zifihXEFS/t7fiHhZBGAdCp3FavsF4i2ZIDp0JfeYeDVzvmlbY1CNhhIKimaIzrzSi5M/NBFcWvZT2rB/A=="
      },
      "Vanara.PInvoke.User32": {
        "type": "Direct",
        "requested": "[4.1.3, )",
        "resolved": "4.1.3",
        "contentHash": "Ov9kbbV7UDLXrHet296pRVQGWrUN3lVzXaGio4IBICZFcCqT+kMpBUTIsfXTRcArfQCqGv0hjiesZ5MaW6B1Hg==",
        "dependencies": {
          "Vanara.PInvoke.Gdi32": "4.1.3",
          "Vanara.PInvoke.Kernel32": "4.1.3"
        }
      },
      "YamlDotNet": {
        "type": "Direct",
        "requested": "[16.3.0, )",
        "resolved": "16.3.0",
        "contentHash": "SgMOdxbz8X65z8hraIs6hOEdnkH6hESTAIUa7viEngHOYaH+6q5XJmwr1+yb9vJpNQ19hCQY69xbFsLtXpobQA=="
      },
      "YoloSharp": {
        "type": "Direct",
        "requested": "[6.0.3, )",
        "resolved": "6.0.3",
        "contentHash": "2JsfnFiYvZtZv5F9KPt+QU7KbOIZjN2zNMvhEApIjq+GIkHnFg/BpBu6FGXAncvkV3HWVQv2m8kdqBD8K5PaUQ==",
        "dependencies": {
          "Clipper2": "1.4.0",
          "Microsoft.Extensions.DependencyInjection": "9.0.3",
          "Microsoft.ML.OnnxRuntime": "1.21.0",
          "SixLabors.ImageSharp": "3.1.7",
          "SixLabors.ImageSharp.Drawing": "2.1.5"
        }
      },
      "ExtendedNumerics.BigDecimal": {
        "type": "Transitive",
        "resolved": "3003.0.0.346",
        "contentHash": "o6qdyacVFNvDKX6T0sDEdhMKppdCiTwpj22kdgNfQlIviLSAiLqv/i4G/gYL4ZzqBYzR/o3t8wDWCX21Tt/i1A=="
      },
      "Microsoft.ClearScript.Core": {
        "type": "Transitive",
        "resolved": "7.4.5",
        "contentHash": "CIZCty2L4mXy1xg77IbNPqsz2pS0ZsFVJZ5YolPB4j62xzvDuCFU/MKnTnKve67FGIWaB9w4LVV7YUEFmjEwzw=="
      },
      "Microsoft.ClearScript.V8.ICUData": {
        "type": "Transitive",
        "resolved": "7.4.5",
        "contentHash": "Ji6av4T2xtqZYp5Gm0MPxvez5V6s4NF/wflD8a49A/KOI3kJyPHcmL3xCRuhuHo24NbfQX6+f0YbTdwhd5VSvw=="
      },
      "Microsoft.Extensions.AI.Abstractions": {
        "type": "Transitive",
        "resolved": "10.7.0",
        "contentHash": "Lf822igMm8NkTYHZhTp7kjoNYkLLEvJnX3SkG/LVBvsZHC0Y9choogHz8YtITBoy0TOylM3kVUZ6iaHf0my0ug==",
        "dependencies": {
          "System.Text.Json": "10.0.9"
        }
      },
      "Microsoft.Extensions.Caching.Abstractions": {
        "type": "Transitive",
        "resolved": "10.0.8",
        "contentHash": "EoK2TwVR1daxmfXUPnvIYZSk5XQjHe45sGekox4kvMt88KQZQhDVzYW5Na5+oNwTuRpE48hipyGJg12F1Tm70w==",
        "dependencies": {
          "Microsoft.Extensions.Primitives": "10.0.8"
        }
      },
      "Microsoft.Extensions.Configuration.Abstractions": {
        "type": "Transitive",
        "resolved": "10.0.3",
        "contentHash": "xVDHL0+SIgemfh95fTO9cGLe17TWv/ZP0n7m01z8X6pzt2DmQpucioWR/mYZA1sRlkWnkXzfl0JweLNWmE9WMg==",
        "dependencies": {
          "Microsoft.Extensions.Primitives": "10.0.3"
        }
      },
      "Microsoft.Extensions.DependencyInjection": {
        "type": "Transitive",
        "resolved": "9.0.3",
        "contentHash": "lDbxJpkl6X8KZGpkAxgrrthQ42YeiR0xjPp7KPx+sCPc3ZbpaIbjzd0QQ+9kDdK2RU2DOl3pc6tQyAgEZY3V0A==",
        "dependencies": {
          "Microsoft.Extensions.DependencyInjection.Abstractions": "9.0.3"
        }
      },
      "Microsoft.Extensions.DependencyInjection.Abstractions": {
        "type": "Transitive",
        "resolved": "10.0.8",
        "contentHash": "21nbDV60SRPWGIivsyl6lqBeEJNG1sginhhfWgRrr3Ais7aQ12To25OAHQxgoiJkjqy1aQ6RxpZBGYuTi7Ge6A=="
      },
      "Microsoft.Extensions.Diagnostics.Abstractions": {
        "type": "Transitive",
        "resolved": "10.0.3",
        "contentHash": "mQiTzAj7PIJ2A9YXR5QhgulS1fTWhmQc3ckd1Mrf3hKW07d03fBDqx8vVaFw+cRTebDOeB6pNqdWdnRxsi1hBA==",
        "dependencies": {
          "Microsoft.Extensions.DependencyInjection.Abstractions": "10.0.3",
          "Microsoft.Extensions.Options": "10.0.3",
          "System.Diagnostics.DiagnosticSource": "10.0.3"
        }
      },
      "Microsoft.Extensions.FileProviders.Abstractions": {
        "type": "Transitive",
        "resolved": "10.0.3",
        "contentHash": "4TD9AXDRsipTmaemwnjt/DM5Ri0de2JzHQhvZ4woBTjUtL4XrPNsMrOk5oiLJAx1gTrE6pOIhxv+lEde5F6CZA==",
        "dependencies": {
          "Microsoft.Extensions.Primitives": "10.0.3"
        }
      },
      "Microsoft.Extensions.Hosting.Abstractions": {
        "type": "Transitive",
        "resolved": "10.0.3",
        "contentHash": "GdMpC10Jf6poxSvUJ4lgYpJ5F/kJeaAoJmrPufjBoPYyCTKKY5Dyl0rZA+LBNvFqTq1cZa/lhlptlUhNvU6xrg==",
        "dependencies": {
          "Microsoft.Extensions.Configuration.Abstractions": "10.0.3",
          "Microsoft.Extensions.DependencyInjection.Abstractions": "10.0.3",
          "Microsoft.Extensions.Diagnostics.Abstractions": "10.0.3",
          "Microsoft.Extensions.FileProviders.Abstractions": "10.0.3",
          "Microsoft.Extensions.Logging.Abstractions": "10.0.3"
        }
      },
      "Microsoft.Extensions.Localization.Abstractions": {
        "type": "Transitive",
        "resolved": "9.0.4",
        "contentHash": "zHct3tI6wr0KnG1gl2XX8YJnvJU84imPZjuQvizVEbfBWziIwwVdp1sDP1MZw9216qYi70mJCsF4CaAxfP53eg=="
      },
      "Microsoft.Extensions.Options": {
        "type": "Transitive",
        "resolved": "10.0.3",
        "contentHash": "hU6WzGTPvPoLA2ng1ILvWQb3g0qORdlHNsxI8IcPLumJb3suimYUl+bbDzdo1V4KFsvVhnMWzysHpKbZaoDQPQ==",
        "dependencies": {
          "Microsoft.Extensions.DependencyInjection.Abstractions": "10.0.3",
          "Microsoft.Extensions.Primitives": "10.0.3"
        }
      },
      "Microsoft.Extensions.Primitives": {
        "type": "Transitive",
        "resolved": "10.0.8",
        "contentHash": "OBPo4nYhMyIbtueoC10CBm6AGAbo/A9IV8QQ/6ryZS7VvmqpGT7hunazeHLxFawRzn3oLOq4jhqhpBX4tfswWQ=="
      },
      "Microsoft.ML.OnnxRuntime.Managed": {
        "type": "Transitive",
        "resolved": "1.21.0",
        "contentHash": "Pp4PFhCELCMO8dWNbGK9Ge+Zh09xPVknmjvAgXIrLsfAgmv1It5aATP3UJTG/GBVzcvshDL/UI+KV9O8YQzkkQ==",
        "dependencies": {
          "System.Memory": "4.5.5",
          "System.Numerics.Tensors": "9.0.0"
        }
      },
      "Microsoft.NETCore.Platforms": {
        "type": "Transitive",
        "resolved": "5.0.0",
        "contentHash": "VyPlqzH2wavqquTcYpkIIAQ6WdenuKoFN0BdYBbCWsclXacSOHNQn66Gt4z5NBqEYW0FAPm5rlvki9ZiCij5xQ=="
      },
      "Microsoft.Win32.Registry": {
        "type": "Transitive",
        "resolved": "5.0.0",
        "contentHash": "dDoKi0PnDz31yAyETfRntsLArTlVAVzUzCIvvEDsDsucrl33Dl8pIJG06ePTJTI3tGpeyHS9Cq7Foc/s4EeKcg==",
        "dependencies": {
          "System.Security.AccessControl": "5.0.0",
          "System.Security.Principal.Windows": "5.0.0"
        }
      },
      "NCalc.Core": {
        "type": "Transitive",
        "resolved": "6.2.0",
        "contentHash": "9O+2pY8GyqI4snOGKtQA8Vtgyv1pUSgJtauotYJxFRvHK1asUF+vkvXTX12FTUgPCoZ6h1ubZXe+fCXaRBU7+Q==",
        "dependencies": {
          "ExtendedNumerics.BigDecimal": "3003.0.0.346",
          "Microsoft.Extensions.Logging.Abstractions": "10.0.7",
          "NCalc.Parser": "6.2.0",
          "Parlot": "1.5.7",
          "System.Collections.Immutable": "10.0.7"
        }
      },
      "NCalc.Domain": {
        "type": "Transitive",
        "resolved": "6.2.0",
        "contentHash": "q4O09l7FR6WKH31F727gIehM5x79gNKIW4PY9ll74Dm3LpRwVBh1JiEFcVA9WRNJhy7fnBwkyVnQNuX5S6rwUQ=="
      },
      "NCalc.Parser": {
        "type": "Transitive",
        "resolved": "6.2.0",
        "contentHash": "Q/QdZ2xy3KHkfVvmW8ozKRWI84lo9HEje65ohKA6G+KqiwsDLN8Yr5DsNr60PSHTV186GfhPbls3zCtBKDTi3g==",
        "dependencies": {
          "NCalc.Domain": "6.2.0",
          "Parlot": "1.5.7"
        }
      },
      "OpenAI": {
        "type": "Transitive",
        "resolved": "2.10.0",
        "contentHash": "e5gAhMDcX5bFmmtR+lT6qZxJoaGb0SkIplPUUdKwcC4xerCh471hTIsrvfkou7scfZD9YQk6C06dP3NwBqHw1A==",
        "dependencies": {
          "System.ClientModel": "1.10.0",
          "System.Net.ServerSentEvents": "10.0.2"
        }
      },
      "Parlot": {
        "type": "Transitive",
        "resolved": "1.5.7",
        "contentHash": "D0PhSypMx1JJVTQUqB8ebwcJxH4NAvdn1d8eKi9lLoNz8c1+8qHw+/Sq5/6HaJFgOaqy1VJBpvYFCIC4I2uvqQ=="
      },
      "SixLabors.Fonts": {
        "type": "Transitive",
        "resolved": "2.0.8",
        "contentHash": "psTLKJVKaD8PKm+Bz/mSSNo4m0VCTYoJ97TF/ynxEWkn4sFUipI0rzE2V/KBtfU0TOn/gF/+1XBOEvusGZZMhA=="
      },
      "SixLabors.ImageSharp.Drawing": {
        "type": "Transitive",
        "resolved": "2.1.5",
        "contentHash": "cER1JfvshYDmTxw+gUy/x5e1xoNWhrD6s3AFf8rRUx9hWSXYdOFreQfUrM/QooMj0rF7+hkVtvGnV3EdMx4dxA==",
        "dependencies": {
          "SixLabors.Fonts": "2.0.8",
          "SixLabors.ImageSharp": "3.1.6"
        }
      },
      "System.ClientModel": {
        "type": "Transitive",
        "resolved": "1.10.0",
        "contentHash": "lBEWs54F5Y5pZ9hC+8z4S/X76957ex+DPk7WecRHlbIHtrPfbRMMlOgI3iDn4Jpb3bSxvBnKaaHoD59auFjlBA==",
        "dependencies": {
          "Microsoft.Extensions.Configuration.Abstractions": "10.0.3",
          "Microsoft.Extensions.Hosting.Abstractions": "10.0.3",
          "Microsoft.Extensions.Logging.Abstractions": "10.0.3",
          "System.Diagnostics.DiagnosticSource": "10.0.3",
          "System.Memory.Data": "10.0.3",
          "System.Text.Json": "10.0.3"
        }
      },
      "System.Collections.Immutable": {
        "type": "Transitive",
        "resolved": "10.0.7",
        "contentHash": "0Ti4Jv1ga3eurH5HaCVsPybcBl+08YfzM9smqAJzHvqV494xK+0pSbytGrMTWhph+zsyKIaoGNiR5u3by5bj+A=="
      },
      "System.Diagnostics.DiagnosticSource": {
        "type": "Transitive",
        "resolved": "10.0.8",
        "contentHash": "rQHsK7Xr8Uz3449860ayVXp/CaLmrhHlMPxbpT/ibOPtp/dTTsr6+f/SxaGO2NzxHf+0siLE0UfdVN5z1I0EgQ=="
      },
      "System.IO.Pipelines": {
        "type": "Transitive",
        "resolved": "10.0.9",
        "contentHash": "raEAXJHu1ERuQnLhfaMUhK19A+i/CLHH5tFWi+azKxq2O4kzgvdeNuZTzMzyT7pyM1+zE2Pqb2g/DXJsuPp/LQ=="
      },
      "System.Memory": {
        "type": "Transitive",
        "resolved": "4.6.3",
        "contentHash": "qdcDOgnFZY40+Q9876JUHnlHu7bosOHX8XISRoH94fwk6hgaeQGSgfZd8srWRZNt5bV9ZW2TljcegDNxsf+96A=="
      },
      "System.Memory.Data": {
        "type": "Transitive",
        "resolved": "10.0.3",
        "contentHash": "MaGhRfGunmrj/nHjtsi9XkhlYJ/ERGWrbA+BiSKNtGnAjc9XlG5EhAvak6VRcX5LYzPF6pBO8nJ613dTgzabig==",
        "dependencies": {
          "System.Text.Json": "10.0.3"
        }
      },
      "System.Net.ServerSentEvents": {
        "type": "Transitive",
        "resolved": "10.0.2",
        "contentHash": "pRmUzK1Av9Lqg5tOnk5/0+pFw195eVDP/9gJ2LP0YVPLzOGwjK3Obiutw4CKcJ2Gl9fOYTEc5Za8sB1/xexeGg=="
      },
      "System.Numerics.Tensors": {
        "type": "Transitive",
        "resolved": "10.0.8",
        "contentHash": "pcyglC5R0BXGyD8cntjFXJhACpPyk7H7eN0zKW/5d5MIcmRUPVZrjytZ2Bsn9igzQJGg5xIOOokPHFLnfiEuxQ=="
      },
      "System.Security.AccessControl": {
        "type": "Transitive",
        "resolved": "5.0.0",
        "contentHash": "dagJ1mHZO3Ani8GH0PHpPEe/oYO+rVdbQjvjJkBRNQkX4t0r1iaeGn8+/ybkSLEan3/slM0t59SVdHzuHf2jmw==",
        "dependencies": {
          "Microsoft.NETCore.Platforms": "5.0.0",
          "System.Security.Principal.Windows": "5.0.0"
        }
      },
      "System.Security.Principal.Windows": {
        "type": "Transitive",
        "resolved": "5.0.0",
        "contentHash": "t0MGLukB5WAVU9bO3MGzvlGnyJPgUlcwerXn1kzBRjwLKixT96XV0Uza41W49gVd8zEMFu9vQEFlv0IOrytICA=="
      },
      "System.Text.Encodings.Web": {
        "type": "Transitive",
        "resolved": "10.0.9",
        "contentHash": "65bbI+LWcVgq1mzPtv6bJF+ZXeeIawld/puK9ixD1l3gJGM2IU4gkYbZoKLVjsXJXbrZqSRf86RlKf1TcCTY1Q=="
      },
      "System.Text.Json": {
        "type": "Transitive",
        "resolved": "10.0.9",
        "contentHash": "mD4f7hUvjXEbLAnROibQswbYguGnfzN17gtkuqAHU1a0gJsqe7LXtV+0tItJsYrCBBpPYHiHFlLtjzG2ZEt5uQ==",
        "dependencies": {
          "System.IO.Pipelines": "10.0.9",
          "System.Text.Encodings.Web": "10.0.9"
        }
      },
      "System.Threading.Channels": {
        "type": "Transitive",
        "resolved": "10.0.8",
        "contentHash": "ZEnMCgWyFdXDpPE17EUjGVl3FuQ9QqgigENv7WHpUlBfzR2pGa3X0e6oEr3p3xHOBW4KQLejO9Spn2JQZL1gsA=="
      },
      "Vanara.Core": {
        "type": "Transitive",
        "resolved": "4.1.3",
        "contentHash": "nsHkzUXb7Eb0O5iay38Uhqn0eYv4yUPwneZXzlRxyjrw9ySFZz8h1bfAaNKWAaCSqdmcj80wG8rynBHsF6Exyw=="
      },
      "Vanara.PInvoke.Gdi32": {
        "type": "Transitive",
        "resolved": "4.1.3",
        "contentHash": "a7qaHeZX6C08t1nQdu40/rXPd3vPSdX88Qbvd76vSkmBizdDNDpRSSGlBzyK5frxVlzvyzoMrv70uwgEG594xw==",
        "dependencies": {
          "Vanara.PInvoke.Shared": "4.1.3"
        }
      },
      "Vanara.PInvoke.Kernel32": {
        "type": "Transitive",
        "resolved": "4.1.3",
        "contentHash": "sv0aVmFJRSBUq/nIdB66JaDBpUlB1tepmuInlnJv+21uqhJrEIrF77DfFAKjjuAbAUeNoCL6OVcNVPs2Tg0vBQ==",
        "dependencies": {
          "Vanara.PInvoke.Shared": "4.1.3"
        }
      },
      "Vanara.PInvoke.Shared": {
        "type": "Transitive",
        "resolved": "4.1.3",
        "contentHash": "iROx+wXrbSyZ+zwxfUjRyo+67VZpF8PwqY/9H7fuMjyiL0squeHilHaeawt0SQgNbYDl2DntKjDfVYd/ua0GkQ==",
        "dependencies": {
          "Microsoft.Win32.Registry": "5.0.0",
          "Vanara.Core": "4.1.3"
        }
      },
      "fischless.windowsinput": {
        "type": "Project",
        "dependencies": {
          "Vanara.PInvoke.User32": "[4.1.3, )"
        }
      }
    }
  }
}